
Microsoft Visual Studio Solution File, Format Version 12.00
# Visual Studio Version 17
VisualStudioVersion = 17.12.35728.132
MinimumVisualStudioVersion = 10.0.40219.1
Project("{FAE04EC0-301F-11D3-BF4B-00C04F79EFBC}") = "BlazorTailwindIntegration", "src\BlazorTailwindIntegration\BlazorTailwindIntegration.csproj", "{200E25DF-3678-4661-922D-A37B8F99E7D3}"
EndProject
Project("{FAE04EC0-301F-11D3-BF4B-00C04F79EFBC}") = "BlazorTailwindIntegration.Client", "src\BlazorTailwindIntegration.Client\BlazorTailwindIntegration.Client.csproj", "{7A5D59FA-D5BB-437A-B6C5-08E9C7340284}"
EndProject
Global
	GlobalSection(SolutionConfigurationPlatforms) = preSolution
		Debug|Any CPU = Debug|Any CPU
		Release|Any CPU = Release|Any CPU
	EndGlobalSection
	GlobalSection(ProjectConfigurationPlatforms) = postSolution
		{200E25DF-3678-4661-922D-A37B8F99E7D3}.Debug|Any CPU.ActiveCfg = Debug|Any CPU
		{200E25DF-3678-4661-922D-A37B8F99E7D3}.Debug|Any CPU.Build.0 = Debug|Any CPU
		{200E25DF-3678-4661-922D-A37B8F99E7D3}.Release|Any CPU.ActiveCfg = Release|Any CPU
		{200E25DF-3678-4661-922D-A37B8F99E7D3}.Release|Any CPU.Build.0 = Release|Any CPU
		{7A5D59FA-D5BB-437A-B6C5-08E9C7340284}.Debug|Any CPU.ActiveCfg = Debug|Any CPU
		{7A5D59FA-D5BB-437A-B6C5-08E9C7340284}.Debug|Any CPU.Build.0 = Debug|Any CPU
		{7A5D59FA-D5BB-437A-B6C5-08E9C7340284}.Release|Any CPU.ActiveCfg = Release|Any CPU
		{7A5D59FA-D5BB-437A-B6C5-08E9C7340284}.Release|Any CPU.Build.0 = Release|Any CPU
	EndGlobalSection
	GlobalSection(SolutionProperties) = preSolution
		HideSolutionNode = FALSE
	EndGlobalSection
EndGlobal
